// !$*UTF8*$!
{
	archiveVersion = 1;
	classes = {
	};
	objectVersion = 77;
	objects = {

/* Begin PBXBuildFile section */
		0288ABA48E6EC8450BE4BC5F /* BannerContent.swift in Sources */ = {isa = PBXBuildFile; fileRef = 96BF0892A5DFF2AD38A93834 /* BannerContent.swift */; };
		07E7F32B3857ED215DE59FBE /* Keychain in Frameworks */ = {isa = PBXBuildFile; productRef = 1440CCDB2CC412B099BD0310 /* Keychain */; };
		18CDCC4155A2604BC4D67147 /* Assets.xcassets in Resources */ = {isa = PBXBuildFile; fileRef = 467AE2D19D58325D227E2F89 /* Assets.xcassets */; };
		1D281661B4A64095FF9FA8BA /* Bus in Frameworks */ = {isa = PBXBuildFile; productRef = FB642DDAD826E62BBE1B8623 /* Bus */; };
		29CF0F24C5D0DD0A8F1A0AEE /* WizardState.swift in Sources */ = {isa = PBXBuildFile; fileRef = E5B2103B1A123E512CC56B63 /* WizardState.swift */; };
		2BCA466CFD785F3BC989C35F /* WizardStageAPIKeyView.swift in Sources */ = {isa = PBXBuildFile; fileRef = BFEF6C3A66183A4563869131 /* WizardStageAPIKeyView.swift */; };
		461A5FACC5A3C2025FB0A233 /* JarvisHUDPanelTests.swift in Sources */ = {isa = PBXBuildFile; fileRef = 3527AF52C1E81BAC4EF70766 /* JarvisHUDPanelTests.swift */; };
		50C095E6F675D26E9C399179 /* AnthropicKeyValidator.swift in Sources */ = {isa = PBXBuildFile; fileRef = 77C5BF4E4B659B0A3325E647 /* AnthropicKeyValidator.swift */; };
		526BDF4D6BC5714809B2E937 /* JarvisApp.swift in Sources */ = {isa = PBXBuildFile; fileRef = 90D238B5CF4BD07EB47F84F0 /* JarvisApp.swift */; };
		573540593E2D1EB1F0F6F31C /* WizardTCCStageTests.swift in Sources */ = {isa = PBXBuildFile; fileRef = 8C27488AAB75A245B580A95B /* WizardTCCStageTests.swift */; };
		5B5175F8D07766B3394DF19C /* MenuBarIconControllerTests.swift in Sources */ = {isa = PBXBuildFile; fileRef = 2468510EF34D9D8D56F5E3B9 /* MenuBarIconControllerTests.swift */; };
		63C72C019170ED28C4900DB9 /* WizardStateTests.swift in Sources */ = {isa = PBXBuildFile; fileRef = 024EE01ED6CC98A61A5CD96C /* WizardStateTests.swift */; };
		66B4B219EF4EC3EBDE5D1A4B /* AppDelegateWiringTests.swift in Sources */ = {isa = PBXBuildFile; fileRef = 909BFE54FAE9CA6B878D5625 /* AppDelegateWiringTests.swift */; };
		6A2D9DE01C3C53094A820DDF /* JarvisEntitlementProbeTests.swift in Sources */ = {isa = PBXBuildFile; fileRef = 36AC239C99B913A4767C0EE8 /* JarvisEntitlementProbeTests.swift */; };
		7270A6A54B0DC1510EB9C56A /* WizardView.swift in Sources */ = {isa = PBXBuildFile; fileRef = A33A1960A6404CD790036C46 /* WizardView.swift */; };
		78AA6D0286502DC0F1F4304D /* HudState.swift in Sources */ = {isa = PBXBuildFile; fileRef = 0CF7206DB98EC02734975536 /* HudState.swift */; };
		7EFA9CFF57B04C03347D3174 /* OnboardingWizardController.swift in Sources */ = {isa = PBXBuildFile; fileRef = C3B7BF8E7124E4F8B43EA5F3 /* OnboardingWizardController.swift */; };
		8196D4F5AF4011F7F93E48EC /* AppDelegate.swift in Sources */ = {isa = PBXBuildFile; fileRef = C1517F151F3BA96803143692 /* AppDelegate.swift */; };
		93FDBFFCCEFC0848F1C5E630 /* AppDelegateBusWiringTests.swift in Sources */ = {isa = PBXBuildFile; fileRef = AA6BA7673B5FD73B588D9084 /* AppDelegateBusWiringTests.swift */; };
		9933987292A1035BB048D0B9 /* MenuBarIconController.swift in Sources */ = {isa = PBXBuildFile; fileRef = 4DFECDF801143C9F672B5FB7 /* MenuBarIconController.swift */; };
		9A06E835DE29158C0EC43DE3 /* webview in Resources */ = {isa = PBXBuildFile; fileRef = 8C8267C7BE6D4B16FEE6004E /* webview */; };
		9F451A31E6DF755ABC86885A /* WizardStageTCCView.swift in Sources */ = {isa = PBXBuildFile; fileRef = 43886353ECED823D4CB689D3 /* WizardStageTCCView.swift */; };
		A20E24D0AB73FFBBE4AB9B9B /* MenuBarContextMenu.swift in Sources */ = {isa = PBXBuildFile; fileRef = B5540C076C8C87A8060B8881 /* MenuBarContextMenu.swift */; };
		A8F96FFF1766D44AA16665A3 /* CAAnimationFactory.swift in Sources */ = {isa = PBXBuildFile; fileRef = 604976A6CA41878D67AF7B71 /* CAAnimationFactory.swift */; };
		A9F18AF7B16BEA1776F76321 /* HUDBannerPanel.swift in Sources */ = {isa = PBXBuildFile; fileRef = 17DC091C938BB7FBEACF0032 /* HUDBannerPanel.swift */; };
		AC359FF68F49110FF9B6E6E5 /* WizardStageAPIKeyViewTests.swift in Sources */ = {isa = PBXBuildFile; fileRef = A58FE5BCBC3DE6663E859C0A /* WizardStageAPIKeyViewTests.swift */; };
		B64A0CAA46B3C146B54F9F85 /* HUDBannerCoordinator.swift in Sources */ = {isa = PBXBuildFile; fileRef = AA85DE5E4A9500FD19C22D85 /* HUDBannerCoordinator.swift */; };
		BEFC509502C7940A21001F9F /* JarvisHUDPanel.swift in Sources */ = {isa = PBXBuildFile; fileRef = 4424DD9447F84F35372A48FF /* JarvisHUDPanel.swift */; };
		C3917516BFFF438A4AD5CE80 /* BrandColors.swift in Sources */ = {isa = PBXBuildFile; fileRef = 4BC1E50BF31BB6CCF895FCA3 /* BrandColors.swift */; };
		CD22CB0656265A2623BA7FD0 /* AnthropicKeyValidatorTests.swift in Sources */ = {isa = PBXBuildFile; fileRef = 39DD53A4E2CCED58C85B63FC /* AnthropicKeyValidatorTests.swift */; };
		CFBEF67D687A1227C9C2A6BD /* HUDBannerCoordinatorTests.swift in Sources */ = {isa = PBXBuildFile; fileRef = 98DF77D7944DD23250A9AA97 /* HUDBannerCoordinatorTests.swift */; };
		DF6EC4DD8D8A029748F382AE /* Config in Frameworks */ = {isa = PBXBuildFile; productRef = 61127935D1430B78A6FEACB0 /* Config */; };
		E218ADC35078C6F26F0D0041 /* HUDBanner.swift in Sources */ = {isa = PBXBuildFile; fileRef = 096AD64E7DB48B0F1EE47F89 /* HUDBanner.swift */; };
		E49FEEFE453A055F65DA31FF /* WizardStageHotkeyView.swift in Sources */ = {isa = PBXBuildFile; fileRef = 74FC22D7D34AB5E6061959D7 /* WizardStageHotkeyView.swift */; };
		E8CD13B014BB64CAB1ACA632 /* AppDelegateEntitlementTests.swift in Sources */ = {isa = PBXBuildFile; fileRef = A231DEC7B592B6D527B0283C /* AppDelegateEntitlementTests.swift */; };
		EB07CD704A3568F27DD4D901 /* Shell in Frameworks */ = {isa = PBXBuildFile; productRef = 6FAD561608B0D1C402015E0D /* Shell */; };
		F8E9590D40A0B88DD4FD712D /* JarvisLogging in Frameworks */ = {isa = PBXBuildFile; productRef = ED53153FE6F73137C23AD43B /* JarvisLogging */; };
/* End PBXBuildFile section */

/* Begin PBXContainerItemProxy section */
		AA51ED58F753D32E71E8C945 /* PBXContainerItemProxy */ = {
			isa = PBXContainerItemProxy;
			containerPortal = 33E99CF1F5349721FD0BB40B /* Project object */;
			proxyType = 1;
			remoteGlobalIDString = 461D90920FCD8CAF83348871;
			remoteInfo = Jarvis;
		};
		D219C62B6F700143D5A8973F /* PBXContainerItemProxy */ = {
			isa = PBXContainerItemProxy;
			containerPortal = 33E99CF1F5349721FD0BB40B /* Project object */;
			proxyType = 1;
			remoteGlobalIDString = 461D90920FCD8CAF83348871;
			remoteInfo = Jarvis;
		};
/* End PBXContainerItemProxy section */

/* Begin PBXFileReference section */
		00C01D284ECCFC986C7F2E16 /* Keychain */ = {isa = PBXFileReference; lastKnownFileType = folder; name = Keychain; path = packages/Keychain; sourceTree = SOURCE_ROOT; };
		024EE01ED6CC98A61A5CD96C /* WizardStateTests.swift */ = {isa = PBXFileReference; lastKnownFileType = sourcecode.swift; path = WizardStateTests.swift; sourceTree = "<group>"; };
		096AD64E7DB48B0F1EE47F89 /* HUDBanner.swift */ = {isa = PBXFileReference; lastKnownFileType = sourcecode.swift; path = HUDBanner.swift; sourceTree = "<group>"; };
		0CF7206DB98EC02734975536 /* HudState.swift */ = {isa = PBXFileReference; lastKnownFileType = sourcecode.swift; path = HudState.swift; sourceTree = "<group>"; };
		17DC091C938BB7FBEACF0032 /* HUDBannerPanel.swift */ = {isa = PBXFileReference; lastKnownFileType = sourcecode.swift; path = HUDBannerPanel.swift; sourceTree = "<group>"; };
		2468510EF34D9D8D56F5E3B9 /* MenuBarIconControllerTests.swift */ = {isa = PBXFileReference; lastKnownFileType = sourcecode.swift; path = MenuBarIconControllerTests.swift; sourceTree = "<group>"; };
		2E9C7A0B14B3AE5C9100CACF /* Config */ = {isa = PBXFileReference; lastKnownFileType = folder; name = Config; path = packages/Config; sourceTree = SOURCE_ROOT; };
		3527AF52C1E81BAC4EF70766 /* JarvisHUDPanelTests.swift */ = {isa = PBXFileReference; lastKnownFileType = sourcecode.swift; path = JarvisHUDPanelTests.swift; sourceTree = "<group>"; };
		36AC239C99B913A4767C0EE8 /* JarvisEntitlementProbeTests.swift */ = {isa = PBXFileReference; lastKnownFileType = sourcecode.swift; path = JarvisEntitlementProbeTests.swift; sourceTree = "<group>"; };
		39DD53A4E2CCED58C85B63FC /* AnthropicKeyValidatorTests.swift */ = {isa = PBXFileReference; lastKnownFileType = sourcecode.swift; path = AnthropicKeyValidatorTests.swift; sourceTree = "<group>"; };
		3EEB80F86BC4DE366810AB99 /* Shell */ = {isa = PBXFileReference; lastKnownFileType = folder; name = Shell; path = packages/Shell; sourceTree = SOURCE_ROOT; };
		43886353ECED823D4CB689D3 /* WizardStageTCCView.swift */ = {isa = PBXFileReference; lastKnownFileType = sourcecode.swift; path = WizardStageTCCView.swift; sourceTree = "<group>"; };
		4424DD9447F84F35372A48FF /* JarvisHUDPanel.swift */ = {isa = PBXFileReference; lastKnownFileType = sourcecode.swift; path = JarvisHUDPanel.swift; sourceTree = "<group>"; };
		467AE2D19D58325D227E2F89 /* Assets.xcassets */ = {isa = PBXFileReference; lastKnownFileType = folder.assetcatalog; path = Assets.xcassets; sourceTree = "<group>"; };
		4BC1E50BF31BB6CCF895FCA3 /* BrandColors.swift */ = {isa = PBXFileReference; lastKnownFileType = sourcecode.swift; path = BrandColors.swift; sourceTree = "<group>"; };
		4DFECDF801143C9F672B5FB7 /* MenuBarIconController.swift */ = {isa = PBXFileReference; lastKnownFileType = sourcecode.swift; path = MenuBarIconController.swift; sourceTree = "<group>"; };
		5DE981947E40847F9BAF5641 /* Logging */ = {isa = PBXFileReference; lastKnownFileType = folder; name = Logging; path = packages/Logging; sourceTree = SOURCE_ROOT; };
		604976A6CA41878D67AF7B71 /* CAAnimationFactory.swift */ = {isa = PBXFileReference; lastKnownFileType = sourcecode.swift; path = CAAnimationFactory.swift; sourceTree = "<group>"; };
		639B5F162E847B0CFC679E30 /* Bus */ = {isa = PBXFileReference; lastKnownFileType = folder; name = Bus; path = packages/Bus; sourceTree = SOURCE_ROOT; };
		6784683F2262D8AFA439668D /* JarvisAppTests.xctest */ = {isa = PBXFileReference; explicitFileType = wrapper.cfbundle; includeInIndex = 0; path = JarvisAppTests.xctest; sourceTree = BUILT_PRODUCTS_DIR; };
		74FC22D7D34AB5E6061959D7 /* WizardStageHotkeyView.swift */ = {isa = PBXFileReference; lastKnownFileType = sourcecode.swift; path = WizardStageHotkeyView.swift; sourceTree = "<group>"; };
		77C5BF4E4B659B0A3325E647 /* AnthropicKeyValidator.swift */ = {isa = PBXFileReference; lastKnownFileType = sourcecode.swift; path = AnthropicKeyValidator.swift; sourceTree = "<group>"; };
		8C27488AAB75A245B580A95B /* WizardTCCStageTests.swift */ = {isa = PBXFileReference; lastKnownFileType = sourcecode.swift; path = WizardTCCStageTests.swift; sourceTree = "<group>"; };
		8C8267C7BE6D4B16FEE6004E /* webview */ = {isa = PBXFileReference; lastKnownFileType = folder; name = webview; path = App/Resources/webview; sourceTree = SOURCE_ROOT; };
		909BFE54FAE9CA6B878D5625 /* AppDelegateWiringTests.swift */ = {isa = PBXFileReference; lastKnownFileType = sourcecode.swift; path = AppDelegateWiringTests.swift; sourceTree = "<group>"; };
		90D238B5CF4BD07EB47F84F0 /* JarvisApp.swift */ = {isa = PBXFileReference; lastKnownFileType = sourcecode.swift; path = JarvisApp.swift; sourceTree = "<group>"; };
		96BF0892A5DFF2AD38A93834 /* BannerContent.swift */ = {isa = PBXFileReference; lastKnownFileType = sourcecode.swift; path = BannerContent.swift; sourceTree = "<group>"; };
		98DF77D7944DD23250A9AA97 /* HUDBannerCoordinatorTests.swift */ = {isa = PBXFileReference; lastKnownFileType = sourcecode.swift; path = HUDBannerCoordinatorTests.swift; sourceTree = "<group>"; };
		A231DEC7B592B6D527B0283C /* AppDelegateEntitlementTests.swift */ = {isa = PBXFileReference; lastKnownFileType = sourcecode.swift; path = AppDelegateEntitlementTests.swift; sourceTree = "<group>"; };
		A33A1960A6404CD790036C46 /* WizardView.swift */ = {isa = PBXFileReference; lastKnownFileType = sourcecode.swift; path = WizardView.swift; sourceTree = "<group>"; };
		A58FE5BCBC3DE6663E859C0A /* WizardStageAPIKeyViewTests.swift */ = {isa = PBXFileReference; lastKnownFileType = sourcecode.swift; path = WizardStageAPIKeyViewTests.swift; sourceTree = "<group>"; };
		AA6BA7673B5FD73B588D9084 /* AppDelegateBusWiringTests.swift */ = {isa = PBXFileReference; lastKnownFileType = sourcecode.swift; path = AppDelegateBusWiringTests.swift; sourceTree = "<group>"; };
		AA85DE5E4A9500FD19C22D85 /* HUDBannerCoordinator.swift */ = {isa = PBXFileReference; lastKnownFileType = sourcecode.swift; path = HUDBannerCoordinator.swift; sourceTree = "<group>"; };
		B5540C076C8C87A8060B8881 /* MenuBarContextMenu.swift */ = {isa = PBXFileReference; lastKnownFileType = sourcecode.swift; path = MenuBarContextMenu.swift; sourceTree = "<group>"; };
		BFEF6C3A66183A4563869131 /* WizardStageAPIKeyView.swift */ = {isa = PBXFileReference; lastKnownFileType = sourcecode.swift; path = WizardStageAPIKeyView.swift; sourceTree = "<group>"; };
		C1517F151F3BA96803143692 /* AppDelegate.swift */ = {isa = PBXFileReference; lastKnownFileType = sourcecode.swift; path = AppDelegate.swift; sourceTree = "<group>"; };
		C3B7BF8E7124E4F8B43EA5F3 /* OnboardingWizardController.swift */ = {isa = PBXFileReference; lastKnownFileType = sourcecode.swift; path = OnboardingWizardController.swift; sourceTree = "<group>"; };
		E5B2103B1A123E512CC56B63 /* WizardState.swift */ = {isa = PBXFileReference; lastKnownFileType = sourcecode.swift; path = WizardState.swift; sourceTree = "<group>"; };
		F2EA89B09E63D9954B6EA5A4 /* Jarvis.app */ = {isa = PBXFileReference; explicitFileType = wrapper.application; includeInIndex = 0; path = Jarvis.app; sourceTree = BUILT_PRODUCTS_DIR; };
		FFBE24D9C8E23A56E1C1EF57 /* JarvisEntitlementProbeTests.xctest */ = {isa = PBXFileReference; explicitFileType = wrapper.cfbundle; includeInIndex = 0; path = JarvisEntitlementProbeTests.xctest; sourceTree = BUILT_PRODUCTS_DIR; };
/* End PBXFileReference section */

/* Begin PBXFrameworksBuildPhase section */
		886D43D159942AB5C149B33B /* Frameworks */ = {
			isa = PBXFrameworksBuildPhase;
			buildActionMask = 2147483647;
			files = (
				07E7F32B3857ED215DE59FBE /* Keychain in Frameworks */,
				DF6EC4DD8D8A029748F382AE /* Config in Frameworks */,
				F8E9590D40A0B88DD4FD712D /* JarvisLogging in Frameworks */,
				EB07CD704A3568F27DD4D901 /* Shell in Frameworks */,
				1D281661B4A64095FF9FA8BA /* Bus in Frameworks */,
			);
			runOnlyForDeploymentPostprocessing = 0;
		};
/* End PBXFrameworksBuildPhase section */

/* Begin PBXGroup section */
		146263771AC556A87FAB63A6 /* App */ = {
			isa = PBXGroup;
			children = (
				C1517F151F3BA96803143692 /* AppDelegate.swift */,
				467AE2D19D58325D227E2F89 /* Assets.xcassets */,
				90D238B5CF4BD07EB47F84F0 /* JarvisApp.swift */,
				F76520C565169D7547EE9608 /* HUD */,
				35E7CF3C8F80086AD447480E /* MenuBar */,
				D80B1ECFB5748E20A6ADF0EB /* Resources */,
				7B0D5E57F282044CD98E347B /* Tests */,
				5CBAF02B001A7FF406642CCA /* Theme */,
				922FCD26000A64044B1FF187 /* Wizard */,
			);
			path = App;
			sourceTree = "<group>";
		};
		35E7CF3C8F80086AD447480E /* MenuBar */ = {
			isa = PBXGroup;
			children = (
				604976A6CA41878D67AF7B71 /* CAAnimationFactory.swift */,
				B5540C076C8C87A8060B8881 /* MenuBarContextMenu.swift */,
				4DFECDF801143C9F672B5FB7 /* MenuBarIconController.swift */,
			);
			path = MenuBar;
			sourceTree = "<group>";
		};
		4523A7D183060E875587B2F1 /* AppTests */ = {
			isa = PBXGroup;
			children = (
				39DD53A4E2CCED58C85B63FC /* AnthropicKeyValidatorTests.swift */,
				AA6BA7673B5FD73B588D9084 /* AppDelegateBusWiringTests.swift */,
				A231DEC7B592B6D527B0283C /* AppDelegateEntitlementTests.swift */,
				909BFE54FAE9CA6B878D5625 /* AppDelegateWiringTests.swift */,
				98DF77D7944DD23250A9AA97 /* HUDBannerCoordinatorTests.swift */,
				3527AF52C1E81BAC4EF70766 /* JarvisHUDPanelTests.swift */,
				2468510EF34D9D8D56F5E3B9 /* MenuBarIconControllerTests.swift */,
				A58FE5BCBC3DE6663E859C0A /* WizardStageAPIKeyViewTests.swift */,
				024EE01ED6CC98A61A5CD96C /* WizardStateTests.swift */,
				8C27488AAB75A245B580A95B /* WizardTCCStageTests.swift */,
			);
			path = AppTests;
			sourceTree = "<group>";
		};
		5CBAF02B001A7FF406642CCA /* Theme */ = {
			isa = PBXGroup;
			children = (
				4BC1E50BF31BB6CCF895FCA3 /* BrandColors.swift */,
				0CF7206DB98EC02734975536 /* HudState.swift */,
			);
			path = Theme;
			sourceTree = "<group>";
		};
		7370B301BC3824D8E135198C /* Products */ = {
			isa = PBXGroup;
			children = (
				F2EA89B09E63D9954B6EA5A4 /* Jarvis.app */,
				6784683F2262D8AFA439668D /* JarvisAppTests.xctest */,
				FFBE24D9C8E23A56E1C1EF57 /* JarvisEntitlementProbeTests.xctest */,
			);
			name = Products;
			sourceTree = "<group>";
		};
		7B0D5E57F282044CD98E347B /* Tests */ = {
			isa = PBXGroup;
			children = (
				4523A7D183060E875587B2F1 /* AppTests */,
				A9211EAD35AE7E8ABF9B4CC6 /* JarvisEntitlementProbeTests */,
			);
			path = Tests;
			sourceTree = "<group>";
		};
		922FCD26000A64044B1FF187 /* Wizard */ = {
			isa = PBXGroup;
			children = (
				77C5BF4E4B659B0A3325E647 /* AnthropicKeyValidator.swift */,
				C3B7BF8E7124E4F8B43EA5F3 /* OnboardingWizardController.swift */,
				BFEF6C3A66183A4563869131 /* WizardStageAPIKeyView.swift */,
				74FC22D7D34AB5E6061959D7 /* WizardStageHotkeyView.swift */,
				43886353ECED823D4CB689D3 /* WizardStageTCCView.swift */,
				E5B2103B1A123E512CC56B63 /* WizardState.swift */,
				A33A1960A6404CD790036C46 /* WizardView.swift */,
			);
			path = Wizard;
			sourceTree = "<group>";
		};
		A9211EAD35AE7E8ABF9B4CC6 /* JarvisEntitlementProbeTests */ = {
			isa = PBXGroup;
			children = (
				36AC239C99B913A4767C0EE8 /* JarvisEntitlementProbeTests.swift */,
			);
			path = JarvisEntitlementProbeTests;
			sourceTree = "<group>";
		};
		BC0DCAC9B7584481D8C65021 = {
			isa = PBXGroup;
			children = (
				146263771AC556A87FAB63A6 /* App */,
				EBFF6C47A440673BFB3E17FB /* Packages */,
				7370B301BC3824D8E135198C /* Products */,
			);
			sourceTree = "<group>";
		};
		D80B1ECFB5748E20A6ADF0EB /* Resources */ = {
			isa = PBXGroup;
			children = (
				8C8267C7BE6D4B16FEE6004E /* webview */,
			);
			path = Resources;
			sourceTree = "<group>";
		};
		EBFF6C47A440673BFB3E17FB /* Packages */ = {
			isa = PBXGroup;
			children = (
				639B5F162E847B0CFC679E30 /* Bus */,
				2E9C7A0B14B3AE5C9100CACF /* Config */,
				00C01D284ECCFC986C7F2E16 /* Keychain */,
				5DE981947E40847F9BAF5641 /* Logging */,
				3EEB80F86BC4DE366810AB99 /* Shell */,
			);
			path = Packages;
			sourceTree = "<group>";
		};
		F76520C565169D7547EE9608 /* HUD */ = {
			isa = PBXGroup;
			children = (
				96BF0892A5DFF2AD38A93834 /* BannerContent.swift */,
				096AD64E7DB48B0F1EE47F89 /* HUDBanner.swift */,
				AA85DE5E4A9500FD19C22D85 /* HUDBannerCoordinator.swift */,
				17DC091C938BB7FBEACF0032 /* HUDBannerPanel.swift */,
				4424DD9447F84F35372A48FF /* JarvisHUDPanel.swift */,
			);
			path = HUD;
			sourceTree = "<group>";
		};
/* End PBXGroup section */

/* Begin PBXNativeTarget section */
		461D90920FCD8CAF83348871 /* Jarvis */ = {
			isa = PBXNativeTarget;
			buildConfigurationList = B6D5E915E8E9BDF0BF748745 /* Build configuration list for PBXNativeTarget "Jarvis" */;
			buildPhases = (
				6A19A71D8F7B0FED56530812 /* Check bus-harness.html parity (canonical vs bundle) */,
				A9F0578ECF5691986EE06B5B /* Check bus protocol version (Swift/TS parity) */,
				16B4B1822351AC23B6276002 /* Check no evaluateJavaScript calls (HUD-04) */,
				E0992BE4761F337F2AC5BF62 /* Sources */,
				C593366D9BBD0DC5F45EA023 /* Resources */,
				886D43D159942AB5C149B33B /* Frameworks */,
				DD1590A06D57152C1B673573 /* Create Contents/Helpers directory */,
				318A7B75FBCC334BEF639033 /* Verify entitlements (pre-codesign) */,
				6B8296F9F78BB0FC4B3EC838 /* Codesign bundle (deepest-first) */,
				F902CE3B015FE94FD67700D8 /* Verify entitlements (post-codesign) */,
				80CF8C4AEC506191702A625D /* Verify codesign settings (pbxproj lint) */,
			);
			buildRules = (
			);
			dependencies = (
			);
			name = Jarvis;
			packageProductDependencies = (
				1440CCDB2CC412B099BD0310 /* Keychain */,
				61127935D1430B78A6FEACB0 /* Config */,
				ED53153FE6F73137C23AD43B /* JarvisLogging */,
				6FAD561608B0D1C402015E0D /* Shell */,
				FB642DDAD826E62BBE1B8623 /* Bus */,
			);
			productName = Jarvis;
			productReference = F2EA89B09E63D9954B6EA5A4 /* Jarvis.app */;
			productType = "com.apple.product-type.application";
		};
		93F20AEE91BB60C4ED0C0346 /* JarvisAppTests */ = {
			isa = PBXNativeTarget;
			buildConfigurationList = C56026A0C29F7E486D873FBB /* Build configuration list for PBXNativeTarget "JarvisAppTests" */;
			buildPhases = (
				A5FA109B8186C9417E8AF319 /* Sources */,
			);
			buildRules = (
			);
			dependencies = (
				958F3CEE3C1DD3F6F86D3E63 /* PBXTargetDependency */,
			);
			name = JarvisAppTests;
			packageProductDependencies = (
			);
			productName = JarvisAppTests;
			productReference = 6784683F2262D8AFA439668D /* JarvisAppTests.xctest */;
			productType = "com.apple.product-type.bundle.unit-test";
		};
		F7B9CBCDAE3BC101ECD8F687 /* JarvisEntitlementProbeTests */ = {
			isa = PBXNativeTarget;
			buildConfigurationList = 10D20923AB792314B5DF876E /* Build configuration list for PBXNativeTarget "JarvisEntitlementProbeTests" */;
			buildPhases = (
				4748801F8593F7264718BA30 /* Sources */,
			);
			buildRules = (
			);
			dependencies = (
				7DF6190F7FC7F658ED5FC678 /* PBXTargetDependency */,
			);
			name = JarvisEntitlementProbeTests;
			packageProductDependencies = (
			);
			productName = JarvisEntitlementProbeTests;
			productReference = FFBE24D9C8E23A56E1C1EF57 /* JarvisEntitlementProbeTests.xctest */;
			productType = "com.apple.product-type.bundle.unit-test";
		};
/* End PBXNativeTarget section */

/* Begin PBXProject section */
		33E99CF1F5349721FD0BB40B /* Project object */ = {
			isa = PBXProject;
			attributes = {
				BuildIndependentTargetsInParallel = YES;
				LastUpgradeCheck = 1430;
				TargetAttributes = {
					461D90920FCD8CAF83348871 = {
						ProvisioningStyle = Manual;
					};
					93F20AEE91BB60C4ED0C0346 = {
						ProvisioningStyle = Manual;
					};
					F7B9CBCDAE3BC101ECD8F687 = {
						ProvisioningStyle = Manual;
					};
				};
			};
			buildConfigurationList = 5FF39917AC552CB1A0BD9FBA /* Build configuration list for PBXProject "Jarvis" */;
			developmentRegion = en;
			hasScannedForEncodings = 0;
			knownRegions = (
				Base,
				en,
			);
			mainGroup = BC0DCAC9B7584481D8C65021;
			minimizedProjectReferenceProxies = 1;
			packageReferences = (
				C9F5C5BB642801B788644312 /* XCLocalSwiftPackageReference "packages/Bus" */,
				EFF4B62688DB8BC3E515BD34 /* XCLocalSwiftPackageReference "packages/Config" */,
				22F43C6F6F358E8483EC4DE0 /* XCLocalSwiftPackageReference "packages/Keychain" */,
				984FAE3C0A7E82CA2D8C6CB0 /* XCLocalSwiftPackageReference "packages/Logging" */,
				041A479A331602AEDB682446 /* XCLocalSwiftPackageReference "packages/Shell" */,
			);
			preferredProjectObjectVersion = 77;
			productRefGroup = 7370B301BC3824D8E135198C /* Products */;
			projectDirPath = "";
			projectRoot = "";
			targets = (
				461D90920FCD8CAF83348871 /* Jarvis */,
				93F20AEE91BB60C4ED0C0346 /* JarvisAppTests */,
				F7B9CBCDAE3BC101ECD8F687 /* JarvisEntitlementProbeTests */,
			);
		};
/* End PBXProject section */

/* Begin PBXResourcesBuildPhase section */
		C593366D9BBD0DC5F45EA023 /* Resources */ = {
			isa = PBXResourcesBuildPhase;
			buildActionMask = 2147483647;
			files = (
				18CDCC4155A2604BC4D67147 /* Assets.xcassets in Resources */,
				9A06E835DE29158C0EC43DE3 /* webview in Resources */,
			);
			runOnlyForDeploymentPostprocessing = 0;
		};
/* End PBXResourcesBuildPhase section */

/* Begin PBXShellScriptBuildPhase section */
		16B4B1822351AC23B6276002 /* Check no evaluateJavaScript calls (HUD-04) */ = {
			isa = PBXShellScriptBuildPhase;
			alwaysOutOfDate = 1;
			buildActionMask = 2147483647;
			files = (
			);
			inputFileListPaths = (
			);
			inputPaths = (
			);
			name = "Check no evaluateJavaScript calls (HUD-04)";
			outputFileListPaths = (
			);
			outputPaths = (
			);
			runOnlyForDeploymentPostprocessing = 0;
			shellPath = /bin/sh;
			shellScript = "\"${SRCROOT}/scripts/check-no-evaluate-javascript.sh\"\n";
		};
		318A7B75FBCC334BEF639033 /* Verify entitlements (pre-codesign) */ = {
			isa = PBXShellScriptBuildPhase;
			alwaysOutOfDate = 1;
			buildActionMask = 2147483647;
			files = (
			);
			inputFileListPaths = (
			);
			inputPaths = (
			);
			name = "Verify entitlements (pre-codesign)";
			outputFileListPaths = (
			);
			outputPaths = (
			);
			runOnlyForDeploymentPostprocessing = 0;
			shellPath = /bin/sh;
			shellScript = "\"${SRCROOT}/scripts/verify-entitlements.sh\" --pre-codesign\n";
		};
		6A19A71D8F7B0FED56530812 /* Check bus-harness.html parity (canonical vs bundle) */ = {
			isa = PBXShellScriptBuildPhase;
			alwaysOutOfDate = 1;
			buildActionMask = 2147483647;
			files = (
			);
			inputFileListPaths = (
			);
			inputPaths = (
				"$(SRCROOT)/webview/bus-harness.html",
				"$(SRCROOT)/App/Resources/webview/bus-harness.html",
			);
			name = "Check bus-harness.html parity (canonical vs bundle)";
			outputFileListPaths = (
			);
			outputPaths = (
			);
			runOnlyForDeploymentPostprocessing = 0;
			shellPath = /bin/sh;
			shellScript = "\"${SRCROOT}/scripts/check-bus-harness-parity.sh\"\n";
		};
		6B8296F9F78BB0FC4B3EC838 /* Codesign bundle (deepest-first) */ = {
			isa = PBXShellScriptBuildPhase;
			alwaysOutOfDate = 1;
			buildActionMask = 2147483647;
			files = (
			);
			inputFileListPaths = (
			);
			inputPaths = (
			);
			name = "Codesign bundle (deepest-first)";
			outputFileListPaths = (
			);
			outputPaths = (
			);
			runOnlyForDeploymentPostprocessing = 0;
			shellPath = /bin/sh;
			shellScript = "# Fall back to CODE_SIGN_IDENTITY (then ad-hoc \"-\") when CODE_SIGNING_ALLOWED=NO,\n# since Xcode does not set EXPANDED_CODE_SIGN_IDENTITY in that case.\nexport EXPANDED_CODE_SIGN_IDENTITY=\"${EXPANDED_CODE_SIGN_IDENTITY:-${CODE_SIGN_IDENTITY:--}}\"\n\"${SRCROOT}/scripts/codesign.sh\"\n";
		};
		80CF8C4AEC506191702A625D /* Verify codesign settings (pbxproj lint) */ = {
			isa = PBXShellScriptBuildPhase;
			alwaysOutOfDate = 1;
			buildActionMask = 2147483647;
			files = (
			);
			inputFileListPaths = (
			);
			inputPaths = (
			);
			name = "Verify codesign settings (pbxproj lint)";
			outputFileListPaths = (
			);
			outputPaths = (
			);
			runOnlyForDeploymentPostprocessing = 0;
			shellPath = /bin/sh;
			shellScript = "\"${SRCROOT}/scripts/verify-codesign-settings.sh\"\n";
		};
		A9F0578ECF5691986EE06B5B /* Check bus protocol version (Swift/TS parity) */ = {
			isa = PBXShellScriptBuildPhase;
			alwaysOutOfDate = 1;
			buildActionMask = 2147483647;
			files = (
			);
			inputFileListPaths = (
			);
			inputPaths = (
				"$(SRCROOT)/packages/Bus/Sources/Bus/Protocol.swift",
				"$(SRCROOT)/webview/packages/bus/src/protocol.ts",
			);
			name = "Check bus protocol version (Swift/TS parity)";
			outputFileListPaths = (
			);
			outputPaths = (
			);
			runOnlyForDeploymentPostprocessing = 0;
			shellPath = /bin/sh;
			shellScript = "\"${SRCROOT}/scripts/check-bus-protocol-version.sh\"\n";
		};
		DD1590A06D57152C1B673573 /* Create Contents/Helpers directory */ = {
			isa = PBXShellScriptBuildPhase;
			alwaysOutOfDate = 1;
			buildActionMask = 2147483647;
			files = (
			);
			inputFileListPaths = (
			);
			inputPaths = (
			);
			name = "Create Contents/Helpers directory";
			outputFileListPaths = (
			);
			outputPaths = (
			);
			runOnlyForDeploymentPostprocessing = 0;
			shellPath = /bin/sh;
			shellScript = "mkdir -p \"${TARGET_BUILD_DIR}/${WRAPPER_NAME}/Contents/Helpers\"\n";
		};
		F902CE3B015FE94FD67700D8 /* Verify entitlements (post-codesign) */ = {
			isa = PBXShellScriptBuildPhase;
			alwaysOutOfDate = 1;
			buildActionMask = 2147483647;
			files = (
			);
			inputFileListPaths = (
			);
			inputPaths = (
			);
			name = "Verify entitlements (post-codesign)";
			outputFileListPaths = (
			);
			outputPaths = (
			);
			runOnlyForDeploymentPostprocessing = 0;
			shellPath = /bin/sh;
			shellScript = "\"${SRCROOT}/scripts/verify-entitlements.sh\" --post-codesign\n";
		};
/* End PBXShellScriptBuildPhase section */

/* Begin PBXSourcesBuildPhase section */
		4748801F8593F7264718BA30 /* Sources */ = {
			isa = PBXSourcesBuildPhase;
			buildActionMask = 2147483647;
			files = (
				6A2D9DE01C3C53094A820DDF /* JarvisEntitlementProbeTests.swift in Sources */,
			);
			runOnlyForDeploymentPostprocessing = 0;
		};
		A5FA109B8186C9417E8AF319 /* Sources */ = {
			isa = PBXSourcesBuildPhase;
			buildActionMask = 2147483647;
			files = (
				CD22CB0656265A2623BA7FD0 /* AnthropicKeyValidatorTests.swift in Sources */,
				93FDBFFCCEFC0848F1C5E630 /* AppDelegateBusWiringTests.swift in Sources */,
				E8CD13B014BB64CAB1ACA632 /* AppDelegateEntitlementTests.swift in Sources */,
				66B4B219EF4EC3EBDE5D1A4B /* AppDelegateWiringTests.swift in Sources */,
				CFBEF67D687A1227C9C2A6BD /* HUDBannerCoordinatorTests.swift in Sources */,
				461A5FACC5A3C2025FB0A233 /* JarvisHUDPanelTests.swift in Sources */,
				5B5175F8D07766B3394DF19C /* MenuBarIconControllerTests.swift in Sources */,
				AC359FF68F49110FF9B6E6E5 /* WizardStageAPIKeyViewTests.swift in Sources */,
				63C72C019170ED28C4900DB9 /* WizardStateTests.swift in Sources */,
				573540593E2D1EB1F0F6F31C /* WizardTCCStageTests.swift in Sources */,
			);
			runOnlyForDeploymentPostprocessing = 0;
		};
		E0992BE4761F337F2AC5BF62 /* Sources */ = {
			isa = PBXSourcesBuildPhase;
			buildActionMask = 2147483647;
			files = (
				50C095E6F675D26E9C399179 /* AnthropicKeyValidator.swift in Sources */,
				8196D4F5AF4011F7F93E48EC /* AppDelegate.swift in Sources */,
				0288ABA48E6EC8450BE4BC5F /* BannerContent.swift in Sources */,
				C3917516BFFF438A4AD5CE80 /* BrandColors.swift in Sources */,
				A8F96FFF1766D44AA16665A3 /* CAAnimationFactory.swift in Sources */,
				E218ADC35078C6F26F0D0041 /* HUDBanner.swift in Sources */,
				B64A0CAA46B3C146B54F9F85 /* HUDBannerCoordinator.swift in Sources */,
				A9F18AF7B16BEA1776F76321 /* HUDBannerPanel.swift in Sources */,
				78AA6D0286502DC0F1F4304D /* HudState.swift in Sources */,
				526BDF4D6BC5714809B2E937 /* JarvisApp.swift in Sources */,
				BEFC509502C7940A21001F9F /* JarvisHUDPanel.swift in Sources */,
				A20E24D0AB73FFBBE4AB9B9B /* MenuBarContextMenu.swift in Sources */,
				9933987292A1035BB048D0B9 /* MenuBarIconController.swift in Sources */,
				7EFA9CFF57B04C03347D3174 /* OnboardingWizardController.swift in Sources */,
				2BCA466CFD785F3BC989C35F /* WizardStageAPIKeyView.swift in Sources */,
				E49FEEFE453A055F65DA31FF /* WizardStageHotkeyView.swift in Sources */,
				9F451A31E6DF755ABC86885A /* WizardStageTCCView.swift in Sources */,
				29CF0F24C5D0DD0A8F1A0AEE /* WizardState.swift in Sources */,
				7270A6A54B0DC1510EB9C56A /* WizardView.swift in Sources */,
			);
			runOnlyForDeploymentPostprocessing = 0;
		};
/* End PBXSourcesBuildPhase section */

/* Begin PBXTargetDependency section */
		7DF6190F7FC7F658ED5FC678 /* PBXTargetDependency */ = {
			isa = PBXTargetDependency;
			target = 461D90920FCD8CAF83348871 /* Jarvis */;
			targetProxy = AA51ED58F753D32E71E8C945 /* PBXContainerItemProxy */;
		};
		958F3CEE3C1DD3F6F86D3E63 /* PBXTargetDependency */ = {
			isa = PBXTargetDependency;
			target = 461D90920FCD8CAF83348871 /* Jarvis */;
			targetProxy = D219C62B6F700143D5A8973F /* PBXContainerItemProxy */;
		};
/* End PBXTargetDependency section */

/* Begin XCBuildConfiguration section */
		06169DA02795A8ED87F6F021 /* Debug */ = {
			isa = XCBuildConfiguration;
			buildSettings = {
				ASSETCATALOG_COMPILER_APPICON_NAME = AppIcon;
				CODE_SIGNING_ALLOWED = NO;
				CODE_SIGNING_REQUIRED = NO;
				CODE_SIGN_ENTITLEMENTS = App/Jarvis.Debug.entitlements;
				CODE_SIGN_IDENTITY = "-";
				CODE_SIGN_STYLE = Manual;
				COMBINE_HIDPI_IMAGES = YES;
				ENABLE_HARDENED_RUNTIME = NO;
				GENERATE_INFOPLIST_FILE = NO;
				INFOPLIST_FILE = App/Info.plist;
				LD_RUNPATH_SEARCH_PATHS = "@executable_path/../Frameworks";
				MACOSX_DEPLOYMENT_TARGET = 13.0;
				OTHER_CODE_SIGN_FLAGS = "";
				PRODUCT_BUNDLE_IDENTIFIER = com.koftwentytwo.jarvis;
				PRODUCT_NAME = Jarvis;
				SDKROOT = macosx;
				SWIFT_STRICT_CONCURRENCY = complete;
				SWIFT_VERSION = 6.0;
			};
			name = Debug;
		};
		3AC3410B6AFDA84D1A773C6C /* Debug */ = {
			isa = XCBuildConfiguration;
			buildSettings = {
				BUNDLE_LOADER = "$(TEST_HOST)";
				CODE_SIGNING_ALLOWED = NO;
				CODE_SIGNING_REQUIRED = NO;
				CODE_SIGN_IDENTITY = "-";
				CODE_SIGN_STYLE = Manual;
				COMBINE_HIDPI_IMAGES = YES;
				GENERATE_INFOPLIST_FILE = NO;
				INFOPLIST_FILE = App/Tests/JarvisEntitlementProbeTests/Info.plist;
				LD_RUNPATH_SEARCH_PATHS = (
					"$(inherited)",
					"@executable_path/../Frameworks",
					"@loader_path/../Frameworks",
				);
				MACOSX_DEPLOYMENT_TARGET = 13.0;
				OTHER_SWIFT_FLAGS = "-DJARVIS_ENTITLEMENT_PROBE";
				PRODUCT_BUNDLE_IDENTIFIER = com.koftwentytwo.jarvis.EntitlementProbeTests;
				PRODUCT_NAME = JarvisEntitlementProbeTests;
				SDKROOT = macosx;
				SWIFT_STRICT_CONCURRENCY = complete;
				SWIFT_VERSION = 6.0;
				TEST_HOST = "$(BUILT_PRODUCTS_DIR)/Jarvis.app/Contents/MacOS/Jarvis";
			};
			name = Debug;
		};
		79CB820AD9DBDFAC3BAD9AB2 /* Release */ = {
			isa = XCBuildConfiguration;
			buildSettings = {
				BUNDLE_LOADER = "$(TEST_HOST)";
				CODE_SIGN_IDENTITY = "-";
				CODE_SIGN_STYLE = Manual;
				COMBINE_HIDPI_IMAGES = YES;
				GENERATE_INFOPLIST_FILE = YES;
				LD_RUNPATH_SEARCH_PATHS = (
					"$(inherited)",
					"@executable_path/../Frameworks",
					"@loader_path/../Frameworks",
				);
				MACOSX_DEPLOYMENT_TARGET = 13.0;
				PRODUCT_BUNDLE_IDENTIFIER = com.koftwentytwo.jarvis.AppTests;
				PRODUCT_NAME = JarvisAppTests;
				SDKROOT = macosx;
				SWIFT_STRICT_CONCURRENCY = complete;
				SWIFT_VERSION = 6.0;
				TEST_HOST = "$(BUILT_PRODUCTS_DIR)/Jarvis.app/Contents/MacOS/Jarvis";
			};
			name = Release;
		};
		8A75D86FEE135E74011AB6D2 /* Debug */ = {
			isa = XCBuildConfiguration;
			buildSettings = {
				ALWAYS_SEARCH_USER_PATHS = NO;
				CLANG_ANALYZER_NONNULL = YES;
				CLANG_ANALYZER_NUMBER_OBJECT_CONVERSION = YES_AGGRESSIVE;
				CLANG_CXX_LANGUAGE_STANDARD = "gnu++14";
				CLANG_CXX_LIBRARY = "libc++";
				CLANG_ENABLE_MODULES = YES;
				CLANG_ENABLE_OBJC_ARC = YES;
				CLANG_ENABLE_OBJC_WEAK = YES;
				CLANG_WARN_BLOCK_CAPTURE_AUTORELEASING = YES;
				CLANG_WARN_BOOL_CONVERSION = YES;
				CLANG_WARN_COMMA = YES;
				CLANG_WARN_CONSTANT_CONVERSION = YES;
				CLANG_WARN_DEPRECATED_OBJC_IMPLEMENTATIONS = YES;
				CLANG_WARN_DIRECT_OBJC_ISA_USAGE = YES_ERROR;
				CLANG_WARN_DOCUMENTATION_COMMENTS = YES;
				CLANG_WARN_EMPTY_BODY = YES;
				CLANG_WARN_ENUM_CONVERSION = YES;
				CLANG_WARN_INFINITE_RECURSION = YES;
				CLANG_WARN_INT_CONVERSION = YES;
				CLANG_WARN_NON_LITERAL_NULL_CONVERSION = YES;
				CLANG_WARN_OBJC_IMPLICIT_RETAIN_SELF = YES;
				CLANG_WARN_OBJC_LITERAL_CONVERSION = YES;
				CLANG_WARN_OBJC_ROOT_CLASS = YES_ERROR;
				CLANG_WARN_QUOTED_INCLUDE_IN_FRAMEWORK_HEADER = YES;
				CLANG_WARN_RANGE_LOOP_ANALYSIS = YES;
				CLANG_WARN_STRICT_PROTOTYPES = YES;
				CLANG_WARN_SUSPICIOUS_MOVE = YES;
				CLANG_WARN_UNGUARDED_AVAILABILITY = YES_AGGRESSIVE;
				CLANG_WARN_UNREACHABLE_CODE = YES;
				CLANG_WARN__DUPLICATE_METHOD_MATCH = YES;
				CODE_SIGN_IDENTITY = "-";
				CODE_SIGN_STYLE = Manual;
				COPY_PHASE_STRIP = NO;
				DEBUG_INFORMATION_FORMAT = dwarf;
				ENABLE_HARDENED_RUNTIME = YES;
				ENABLE_STRICT_OBJC_MSGSEND = YES;
				ENABLE_TESTABILITY = YES;
				GCC_C_LANGUAGE_STANDARD = gnu11;
				GCC_DYNAMIC_NO_PIC = NO;
				GCC_NO_COMMON_BLOCKS = YES;
				GCC_OPTIMIZATION_LEVEL = 0;
				GCC_PREPROCESSOR_DEFINITIONS = (
					"$(inherited)",
					"DEBUG=1",
				);
				GCC_WARN_64_TO_32_BIT_CONVERSION = YES;
				GCC_WARN_ABOUT_RETURN_TYPE = YES_ERROR;
				GCC_WARN_UNDECLARED_SELECTOR = YES;
				GCC_WARN_UNINITIALIZED_AUTOS = YES_AGGRESSIVE;
				GCC_WARN_UNUSED_FUNCTION = YES;
				GCC_WARN_UNUSED_VARIABLE = YES;
				LD_RUNPATH_SEARCH_PATHS = "@executable_path/../Frameworks";
				MACOSX_DEPLOYMENT_TARGET = 13.0;
				MTL_ENABLE_DEBUG_INFO = INCLUDE_SOURCE;
				MTL_FAST_MATH = YES;
				ONLY_ACTIVE_ARCH = YES;
				OTHER_CODE_SIGN_FLAGS = "--options=runtime --timestamp";
				PRODUCT_NAME = "$(TARGET_NAME)";
				SDKROOT = macosx;
				SWIFT_ACTIVE_COMPILATION_CONDITIONS = DEBUG;
				SWIFT_OPTIMIZATION_LEVEL = "-Onone";
				SWIFT_STRICT_CONCURRENCY = complete;
				SWIFT_VERSION = 6.0;
			};
			name = Debug;
		};
		A5A5079A306E1695C2FCBC38 /* Debug */ = {
			isa = XCBuildConfiguration;
			buildSettings = {
				BUNDLE_LOADER = "$(TEST_HOST)";
				CODE_SIGNING_ALLOWED = NO;
				CODE_SIGNING_REQUIRED = NO;
				CODE_SIGN_IDENTITY = "-";
				CODE_SIGN_STYLE = Manual;
				COMBINE_HIDPI_IMAGES = YES;
				GENERATE_INFOPLIST_FILE = YES;
				LD_RUNPATH_SEARCH_PATHS = (
					"$(inherited)",
					"@executable_path/../Frameworks",
					"@loader_path/../Frameworks",
				);
				MACOSX_DEPLOYMENT_TARGET = 13.0;
				PRODUCT_BUNDLE_IDENTIFIER = com.koftwentytwo.jarvis.AppTests;
				PRODUCT_NAME = JarvisAppTests;
				SDKROOT = macosx;
				SWIFT_STRICT_CONCURRENCY = complete;
				SWIFT_VERSION = 6.0;
				TEST_HOST = "$(BUILT_PRODUCTS_DIR)/Jarvis.app/Contents/MacOS/Jarvis";
			};
			name = Debug;
		};
		B2D880C3AD0AE8497C58899E /* Release */ = {
			isa = XCBuildConfiguration;
			buildSettings = {
				BUNDLE_LOADER = "$(TEST_HOST)";
				CODE_SIGN_IDENTITY = "-";
				CODE_SIGN_STYLE = Manual;
				COMBINE_HIDPI_IMAGES = YES;
				GENERATE_INFOPLIST_FILE = NO;
				INFOPLIST_FILE = App/Tests/JarvisEntitlementProbeTests/Info.plist;
				LD_RUNPATH_SEARCH_PATHS = (
					"$(inherited)",
					"@executable_path/../Frameworks",
					"@loader_path/../Frameworks",
				);
				MACOSX_DEPLOYMENT_TARGET = 13.0;
				OTHER_SWIFT_FLAGS = "-DJARVIS_ENTITLEMENT_PROBE";
				PRODUCT_BUNDLE_IDENTIFIER = com.koftwentytwo.jarvis.EntitlementProbeTests;
				PRODUCT_NAME = JarvisEntitlementProbeTests;
				SDKROOT = macosx;
				SWIFT_STRICT_CONCURRENCY = complete;
				SWIFT_VERSION = 6.0;
				TEST_HOST = "$(BUILT_PRODUCTS_DIR)/Jarvis.app/Contents/MacOS/Jarvis";
			};
			name = Release;
		};
		B81D099211BB3784F907E95C /* Release */ = {
			isa = XCBuildConfiguration;
			buildSettings = {
				ASSETCATALOG_COMPILER_APPICON_NAME = AppIcon;
				CODE_SIGNING_ALLOWED = NO;
				CODE_SIGNING_REQUIRED = NO;
				CODE_SIGN_ENTITLEMENTS = App/Jarvis.Release.entitlements;
				CODE_SIGN_IDENTITY = "-";
				CODE_SIGN_STYLE = Manual;
				COMBINE_HIDPI_IMAGES = YES;
				DEVELOPMENT_TEAM = 7UC2HETAN9;
				ENABLE_HARDENED_RUNTIME = YES;
				GENERATE_INFOPLIST_FILE = NO;
				INFOPLIST_FILE = App/Info.plist;
				LD_RUNPATH_SEARCH_PATHS = "@executable_path/../Frameworks";
				MACOSX_DEPLOYMENT_TARGET = 13.0;
				OTHER_CODE_SIGN_FLAGS = "--options=runtime --timestamp";
				PRODUCT_BUNDLE_IDENTIFIER = com.koftwentytwo.jarvis;
				PRODUCT_NAME = Jarvis;
				SDKROOT = macosx;
				SWIFT_STRICT_CONCURRENCY = complete;
				SWIFT_VERSION = 6.0;
			};
			name = Release;
		};
		CA2EDC6435E5128E90920A00 /* Release */ = {
			isa = XCBuildConfiguration;
			buildSettings = {
				ALWAYS_SEARCH_USER_PATHS = NO;
				CLANG_ANALYZER_NONNULL = YES;
				CLANG_ANALYZER_NUMBER_OBJECT_CONVERSION = YES_AGGRESSIVE;
				CLANG_CXX_LANGUAGE_STANDARD = "gnu++14";
				CLANG_CXX_LIBRARY = "libc++";
				CLANG_ENABLE_MODULES = YES;
				CLANG_ENABLE_OBJC_ARC = YES;
				CLANG_ENABLE_OBJC_WEAK = YES;
				CLANG_WARN_BLOCK_CAPTURE_AUTORELEASING = YES;
				CLANG_WARN_BOOL_CONVERSION = YES;
				CLANG_WARN_COMMA = YES;
				CLANG_WARN_CONSTANT_CONVERSION = YES;
				CLANG_WARN_DEPRECATED_OBJC_IMPLEMENTATIONS = YES;
				CLANG_WARN_DIRECT_OBJC_ISA_USAGE = YES_ERROR;
				CLANG_WARN_DOCUMENTATION_COMMENTS = YES;
				CLANG_WARN_EMPTY_BODY = YES;
				CLANG_WARN_ENUM_CONVERSION = YES;
				CLANG_WARN_INFINITE_RECURSION = YES;
				CLANG_WARN_INT_CONVERSION = YES;
				CLANG_WARN_NON_LITERAL_NULL_CONVERSION = YES;
				CLANG_WARN_OBJC_IMPLICIT_RETAIN_SELF = YES;
				CLANG_WARN_OBJC_LITERAL_CONVERSION = YES;
				CLANG_WARN_OBJC_ROOT_CLASS = YES_ERROR;
				CLANG_WARN_QUOTED_INCLUDE_IN_FRAMEWORK_HEADER = YES;
				CLANG_WARN_RANGE_LOOP_ANALYSIS = YES;
				CLANG_WARN_STRICT_PROTOTYPES = YES;
				CLANG_WARN_SUSPICIOUS_MOVE = YES;
				CLANG_WARN_UNGUARDED_AVAILABILITY = YES_AGGRESSIVE;
				CLANG_WARN_UNREACHABLE_CODE = YES;
				CLANG_WARN__DUPLICATE_METHOD_MATCH = YES;
				CODE_SIGN_IDENTITY = "-";
				CODE_SIGN_STYLE = Manual;
				COPY_PHASE_STRIP = NO;
				DEBUG_INFORMATION_FORMAT = "dwarf-with-dsym";
				DEVELOPMENT_TEAM = 7UC2HETAN9;
				ENABLE_HARDENED_RUNTIME = YES;
				ENABLE_NS_ASSERTIONS = NO;
				ENABLE_STRICT_OBJC_MSGSEND = YES;
				GCC_C_LANGUAGE_STANDARD = gnu11;
				GCC_NO_COMMON_BLOCKS = YES;
				GCC_WARN_64_TO_32_BIT_CONVERSION = YES;
				GCC_WARN_ABOUT_RETURN_TYPE = YES_ERROR;
				GCC_WARN_UNDECLARED_SELECTOR = YES;
				GCC_WARN_UNINITIALIZED_AUTOS = YES_AGGRESSIVE;
				GCC_WARN_UNUSED_FUNCTION = YES;
				GCC_WARN_UNUSED_VARIABLE = YES;
				LD_RUNPATH_SEARCH_PATHS = "@executable_path/../Frameworks";
				MACOSX_DEPLOYMENT_TARGET = 13.0;
				MTL_ENABLE_DEBUG_INFO = NO;
				MTL_FAST_MATH = YES;
				OTHER_CODE_SIGN_FLAGS = "--options=runtime --timestamp";
				PRODUCT_NAME = "$(TARGET_NAME)";
				SDKROOT = macosx;
				SWIFT_COMPILATION_MODE = wholemodule;
				SWIFT_OPTIMIZATION_LEVEL = "-O";
				SWIFT_STRICT_CONCURRENCY = complete;
				SWIFT_VERSION = 6.0;
			};
			name = Release;
		};
/* End XCBuildConfiguration section */

/* Begin XCConfigurationList section */
		10D20923AB792314B5DF876E /* Build configuration list for PBXNativeTarget "JarvisEntitlementProbeTests" */ = {
			isa = XCConfigurationList;
			buildConfigurations = (
				3AC3410B6AFDA84D1A773C6C /* Debug */,
				B2D880C3AD0AE8497C58899E /* Release */,
			);
			defaultConfigurationIsVisible = 0;
			defaultConfigurationName = Debug;
		};
		5FF39917AC552CB1A0BD9FBA /* Build configuration list for PBXProject "Jarvis" */ = {
			isa = XCConfigurationList;
			buildConfigurations = (
				8A75D86FEE135E74011AB6D2 /* Debug */,
				CA2EDC6435E5128E90920A00 /* Release */,
			);
			defaultConfigurationIsVisible = 0;
			defaultConfigurationName = Debug;
		};
		B6D5E915E8E9BDF0BF748745 /* Build configuration list for PBXNativeTarget "Jarvis" */ = {
			isa = XCConfigurationList;
			buildConfigurations = (
				06169DA02795A8ED87F6F021 /* Debug */,
				B81D099211BB3784F907E95C /* Release */,
			);
			defaultConfigurationIsVisible = 0;
			defaultConfigurationName = Debug;
		};
		C56026A0C29F7E486D873FBB /* Build configuration list for PBXNativeTarget "JarvisAppTests" */ = {
			isa = XCConfigurationList;
			buildConfigurations = (
				A5A5079A306E1695C2FCBC38 /* Debug */,
				79CB820AD9DBDFAC3BAD9AB2 /* Release */,
			);
			defaultConfigurationIsVisible = 0;
			defaultConfigurationName = Debug;
		};
/* End XCConfigurationList section */

/* Begin XCLocalSwiftPackageReference section */
		041A479A331602AEDB682446 /* XCLocalSwiftPackageReference "packages/Shell" */ = {
			isa = XCLocalSwiftPackageReference;
			relativePath = packages/Shell;
		};
		22F43C6F6F358E8483EC4DE0 /* XCLocalSwiftPackageReference "packages/Keychain" */ = {
			isa = XCLocalSwiftPackageReference;
			relativePath = packages/Keychain;
		};
		984FAE3C0A7E82CA2D8C6CB0 /* XCLocalSwiftPackageReference "packages/Logging" */ = {
			isa = XCLocalSwiftPackageReference;
			relativePath = packages/Logging;
		};
		C9F5C5BB642801B788644312 /* XCLocalSwiftPackageReference "packages/Bus" */ = {
			isa = XCLocalSwiftPackageReference;
			relativePath = packages/Bus;
		};
		EFF4B62688DB8BC3E515BD34 /* XCLocalSwiftPackageReference "packages/Config" */ = {
			isa = XCLocalSwiftPackageReference;
			relativePath = packages/Config;
		};
/* End XCLocalSwiftPackageReference section */

/* Begin XCSwiftPackageProductDependency section */
		1440CCDB2CC412B099BD0310 /* Keychain */ = {
			isa = XCSwiftPackageProductDependency;
			productName = Keychain;
		};
		61127935D1430B78A6FEACB0 /* Config */ = {
			isa = XCSwiftPackageProductDependency;
			productName = Config;
		};
		6FAD561608B0D1C402015E0D /* Shell */ = {
			isa = XCSwiftPackageProductDependency;
			productName = Shell;
		};
		ED53153FE6F73137C23AD43B /* JarvisLogging */ = {
			isa = XCSwiftPackageProductDependency;
			productName = JarvisLogging;
		};
		FB642DDAD826E62BBE1B8623 /* Bus */ = {
			isa = XCSwiftPackageProductDependency;
			productName = Bus;
		};
/* End XCSwiftPackageProductDependency section */
	};
	rootObject = 33E99CF1F5349721FD0BB40B /* Project object */;
}
